
Microsoft Visual Studio Solution File, Format Version 12.00
# Visual Studio 2013
VisualStudioVersion = 12.0.40629.0
MinimumVisualStudioVersion = 10.0.40219.1
Project("{FAE04EC0-301F-11D3-BF4B-00C04F79EFBC}") = "Team_Compostable", "Team_Compostable\Team_Compostable.csproj", "{A638603F-BFE9-4027-8B36-F8900DA57922}"
	ProjectSection(ProjectDependencies) = postProject
		{A523F137-F579-4AC6-9FF2-BEFAE533B62D} = {A523F137-F579-4AC6-9FF2-BEFAE533B62D}
	EndProjectSection
EndProject
Project("{2150E333-8FDC-42A3-9474-1A3956D46DE8}") = "Solution Items", "Solution Items", "{D8FAA0C3-7426-410D-89E6-AAEE014982A4}"
	ProjectSection(SolutionItems) = preProject
		Default.html = Default.html
		Team_Compostable\GreenLiving.Master = Team_Compostable\GreenLiving.Master
	EndProjectSection
EndProject
Project("{FAE04EC0-301F-11D3-BF4B-00C04F79EFBC}") = "infoRetrieval", "infoRetrieval\infoRetrieval.csproj", "{A523F137-F579-4AC6-9FF2-BEFAE533B62D}"
EndProject
Global
	GlobalSection(SolutionConfigurationPlatforms) = preSolution
		Debug|Any CPU = Debug|Any CPU
		Release|Any CPU = Release|Any CPU
	EndGlobalSection
	GlobalSection(ProjectConfigurationPlatforms) = postSolution
		{A638603F-BFE9-4027-8B36-F8900DA57922}.Debug|Any CPU.ActiveCfg = Debug|Any CPU
		{A638603F-BFE9-4027-8B36-F8900DA57922}.Debug|Any CPU.Build.0 = Debug|Any CPU
		{A638603F-BFE9-4027-8B36-F8900DA57922}.Release|Any CPU.ActiveCfg = Release|Any CPU
		{A638603F-BFE9-4027-8B36-F8900DA57922}.Release|Any CPU.Build.0 = Release|Any CPU
		{A523F137-F579-4AC6-9FF2-BEFAE533B62D}.Debug|Any CPU.ActiveCfg = Debug|Any CPU
		{A523F137-F579-4AC6-9FF2-BEFAE533B62D}.Debug|Any CPU.Build.0 = Debug|Any CPU
		{A523F137-F579-4AC6-9FF2-BEFAE533B62D}.Release|Any CPU.ActiveCfg = Release|Any CPU
		{A523F137-F579-4AC6-9FF2-BEFAE533B62D}.Release|Any CPU.Build.0 = Release|Any CPU
	EndGlobalSection
	GlobalSection(SolutionProperties) = preSolution
		HideSolutionNode = FALSE
	EndGlobalSection
EndGlobal
